// !$*UTF8*$!
{
	archiveVersion = 1;
	classes = {
	};
	objectVersion = 46;
	objects = {

/* Begin PBXBuildFile section */
		1F62698C1C8E98B000E87C30 /* MacDownFrontMatterController.m in Sources */ = {isa = PBXBuildFile; fileRef = 1F62698B1C8E98B000E87C30 /* MacDownFrontMatterController.m */; };
		B5D52BBE2051CD5100464115 /* Markdown.m in Sources */ = {isa = PBXBuildFile; fileRef = B5D52BBD2051CD5100464115 /* Markdown.m */; };
/* End PBXBuildFile section */

/* Begin PBXFileReference section */
		1F6269811C8E987F00E87C30 /* macdown-frontmatter.plugin */ = {isa = PBXFileReference; explicitFileType = wrapper.cfbundle; includeInIndex = 0; path = "macdown-frontmatter.plugin"; sourceTree = BUILT_PRODUCTS_DIR; };
		1F6269841C8E987F00E87C30 /* Info.plist */ = {isa = PBXFileReference; lastKnownFileType = text.plist.xml; path = Info.plist; sourceTree = "<group>"; };
		1F62698A1C8E98B000E87C30 /* MacDownFrontMatterController.h */ = {isa = PBXFileReference; fileEncoding = 4; lastKnownFileType = sourcecode.c.h; path = MacDownFrontMatterController.h; sourceTree = "<group>"; };
		1F62698B1C8E98B000E87C30 /* MacDownFrontMatterController.m */ = {isa = PBXFileReference; fileEncoding = 4; lastKnownFileType = sourcecode.c.objc; path = MacDownFrontMatterController.m; sourceTree = "<group>"; };
		B5D52BBC2051CCA200464115 /* Markdown.h */ = {isa = PBXFileReference; lastKnownFileType = sourcecode.c.h; path = Markdown.h; sourceTree = "<group>"; };
		B5D52BBD2051CD5100464115 /* Markdown.m */ = {isa = PBXFileReference; lastKnownFileType = sourcecode.c.objc; path = Markdown.m; sourceTree = "<group>"; };
/* End PBXFileReference section */

/* Begin PBXFrameworksBuildPhase section */
		1F62697E1C8E987F00E87C30 /* Frameworks */ = {
			isa = PBXFrameworksBuildPhase;
			buildActionMask = 2147483647;
			files = (
			);
			runOnlyForDeploymentPostprocessing = 0;
		};
/* End PBXFrameworksBuildPhase section */

/* Begin PBXGroup section */
		1F6269781C8E987F00E87C30 = {
			isa = PBXGroup;
			children = (
				1F6269831C8E987F00E87C30 /* macdown-frontmatter */,
				1F6269821C8E987F00E87C30 /* Products */,
			);
			sourceTree = "<group>";
		};
		1F6269821C8E987F00E87C30 /* Products */ = {
			isa = PBXGroup;
			children = (
				1F6269811C8E987F00E87C30 /* macdown-frontmatter.plugin */,
			);
			name = Products;
			sourceTree = "<group>";
		};
		1F6269831C8E987F00E87C30 /* macdown-frontmatter */ = {
			isa = PBXGroup;
			children = (
				1F6269841C8E987F00E87C30 /* Info.plist */,
				1F62698A1C8E98B000E87C30 /* MacDownFrontMatterController.h */,
				1F62698B1C8E98B000E87C30 /* MacDownFrontMatterController.m */,
				B5D52BBC2051CCA200464115 /* Markdown.h */,
				B5D52BBD2051CD5100464115 /* Markdown.m */,
			);
			path = "macdown-frontmatter";
			sourceTree = "<group>";
		};
/* End PBXGroup section */

/* Begin PBXNativeTarget section */
		1F6269801C8E987F00E87C30 /* macdown-frontmatter */ = {
			isa = PBXNativeTarget;
			buildConfigurationList = 1F6269871C8E987F00E87C30 /* Build configuration list for PBXNativeTarget "macdown-frontmatter" */;
			buildPhases = (
				1F62697D1C8E987F00E87C30 /* Sources */,
				1F62697E1C8E987F00E87C30 /* Frameworks */,
				1F62697F1C8E987F00E87C30 /* Resources */,
			);
			buildRules = (
			);
			dependencies = (
			);
			name = "macdown-frontmatter";
			productName = "macdown-gistit";
			productReference = 1F6269811C8E987F00E87C30 /* macdown-frontmatter.plugin */;
			productType = "com.apple.product-type.bundle";
		};
/* End PBXNativeTarget section */

/* Begin PBXProject section */
		1F6269791C8E987F00E87C30 /* Project object */ = {
			isa = PBXProject;
			attributes = {
				LastUpgradeCheck = 0920;
				ORGANIZATIONNAME = "Josselin Auguste";
				TargetAttributes = {
					1F6269801C8E987F00E87C30 = {
						CreatedOnToolsVersion = 7.2.1;
					};
				};
			};
			buildConfigurationList = 1F62697C1C8E987F00E87C30 /* Build configuration list for PBXProject "macdown-frontmatter" */;
			compatibilityVersion = "Xcode 3.2";
			developmentRegion = English;
			hasScannedForEncodings = 0;
			knownRegions = (
				en,
			);
			mainGroup = 1F6269781C8E987F00E87C30;
			productRefGroup = 1F6269821C8E987F00E87C30 /* Products */;
			projectDirPath = "";
			projectRoot = "";
			targets = (
				1F6269801C8E987F00E87C30 /* macdown-frontmatter */,
			);
		};
/* End PBXProject section */

/* Begin PBXResourcesBuildPhase section */
		1F62697F1C8E987F00E87C30 /* Resources */ = {
			isa = PBXResourcesBuildPhase;
			buildActionMask = 2147483647;
			files = (
			);
			runOnlyForDeploymentPostprocessing = 0;
		};
/* End PBXResourcesBuildPhase section */

/* Begin PBXSourcesBuildPhase section */
		1F62697D1C8E987F00E87C30 /* Sources */ = {
			isa = PBXSourcesBuildPhase;
			buildActionMask = 2147483647;
			files = (
				B5D52BBE2051CD5100464115 /* Markdown.m in Sources */,
				1F62698C1C8E98B000E87C30 /* MacDownFrontMatterController.m in Sources */,
			);
			runOnlyForDeploymentPostprocessing = 0;
		};
/* End PBXSourcesBuildPhase section */

/* Begin XCBuildConfiguration section */
		1F6269851C8E987F00E87C30 /* Debug */ = {
			isa = XCBuildConfiguration;
			buildSettings = {
				ALWAYS_SEARCH_USER_PATHS = NO;
				CLANG_CXX_LANGUAGE_STANDARD = "gnu++0x";
				CLANG_CXX_LIBRARY = "libc++";
				CLANG_ENABLE_MODULES = YES;
				CLANG_ENABLE_OBJC_ARC = YES;
				CLANG_WARN_BLOCK_CAPTURE_AUTORELEASING = YES;
				CLANG_WARN_BOOL_CONVERSION = YES;
				CLANG_WARN_COMMA = YES;
				CLANG_WARN_CONSTANT_CONVERSION = YES;
				CLANG_WARN_DIRECT_OBJC_ISA_USAGE = YES_ERROR;
				CLANG_WARN_EMPTY_BODY = YES;
				CLANG_WARN_ENUM_CONVERSION = YES;
				CLANG_WARN_INFINITE_RECURSION = YES;
				CLANG_WARN_INT_CONVERSION = YES;
				CLANG_WARN_NON_LITERAL_NULL_CONVERSION = YES;
				CLANG_WARN_OBJC_LITERAL_CONVERSION = YES;
				CLANG_WARN_OBJC_ROOT_CLASS = YES_ERROR;
				CLANG_WARN_RANGE_LOOP_ANALYSIS = YES;
				CLANG_WARN_STRICT_PROTOTYPES = YES;
				CLANG_WARN_SUSPICIOUS_MOVE = YES;
				CLANG_WARN_UNREACHABLE_CODE = YES;
				CLANG_WARN__DUPLICATE_METHOD_MATCH = YES;
				CODE_SIGN_IDENTITY = "";
				COPY_PHASE_STRIP = NO;
				DEBUG_INFORMATION_FORMAT = dwarf;
				ENABLE_STRICT_OBJC_MSGSEND = YES;
				ENABLE_TESTABILITY = YES;
				GCC_C_LANGUAGE_STANDARD = gnu99;
				GCC_DYNAMIC_NO_PIC = NO;
				GCC_NO_COMMON_BLOCKS = YES;
				GCC_OPTIMIZATION_LEVEL = 0;
				GCC_PREPROCESSOR_DEFINITIONS = (
					"DEBUG=1",
					"$(inherited)",
				);
				GCC_WARN_64_TO_32_BIT_CONVERSION = YES;
				GCC_WARN_ABOUT_RETURN_TYPE = YES_ERROR;
				GCC_WARN_UNDECLARED_SELECTOR = YES;
				GCC_WARN_UNINITIALIZED_AUTOS = YES_AGGRESSIVE;
				GCC_WARN_UNUSED_FUNCTION = YES;
				GCC_WARN_UNUSED_VARIABLE = YES;
				MACOSX_DEPLOYMENT_TARGET = 10.11;
				MTL_ENABLE_DEBUG_INFO = YES;
				ONLY_ACTIVE_ARCH = YES;
				SDKROOT = macosx;
			};
			name = Debug;
		};
		1F6269861C8E987F00E87C30 /* Release */ = {
			isa = XCBuildConfiguration;
			buildSettings = {
				ALWAYS_SEARCH_USER_PATHS = NO;
				CLANG_CXX_LANGUAGE_STANDARD = "gnu++0x";
				CLANG_CXX_LIBRARY = "libc++";
				CLANG_ENABLE_MODULES = YES;
				CLANG_ENABLE_OBJC_ARC = YES;
				CLANG_WARN_BLOCK_CAPTURE_AUTORELEASING = YES;
				CLANG_WARN_BOOL_CONVERSION = YES;
				CLANG_WARN_COMMA = YES;
				CLANG_WARN_CONSTANT_CONVERSION = YES;
				CLANG_WARN_DIRECT_OBJC_ISA_USAGE = YES_ERROR;
				CLANG_WARN_EMPTY_BODY = YES;
				CLANG_WARN_ENUM_CONVERSION = YES;
				CLANG_WARN_INFINITE_RECURSION = YES;
				CLANG_WARN_INT_CONVERSION = YES;
				CLANG_WARN_NON_LITERAL_NULL_CONVERSION = YES;
				CLANG_WARN_OBJC_LITERAL_CONVERSION = YES;
				CLANG_WARN_OBJC_ROOT_CLASS = YES_ERROR;
				CLANG_WARN_RANGE_LOOP_ANALYSIS = YES;
				CLANG_WARN_STRICT_PROTOTYPES = YES;
				CLANG_WARN_SUSPICIOUS_MOVE = YES;
				CLANG_WARN_UNREACHABLE_CODE = YES;
				CLANG_WARN__DUPLICATE_METHOD_MATCH = YES;
				CODE_SIGN_IDENTITY = "";
				COPY_PHASE_STRIP = NO;
				DEBUG_INFORMATION_FORMAT = "dwarf-with-dsym";
				ENABLE_NS_ASSERTIONS = NO;
				ENABLE_STRICT_OBJC_MSGSEND = YES;
				GCC_C_LANGUAGE_STANDARD = gnu99;
				GCC_NO_COMMON_BLOCKS = YES;
				GCC_WARN_64_TO_32_BIT_CONVERSION = YES;
				GCC_WARN_ABOUT_RETURN_TYPE = YES_ERROR;
				GCC_WARN_UNDECLARED_SELECTOR = YES;
				GCC_WARN_UNINITIALIZED_AUTOS = YES_AGGRESSIVE;
				GCC_WARN_UNUSED_FUNCTION = YES;
				GCC_WARN_UNUSED_VARIABLE = YES;
				MACOSX_DEPLOYMENT_TARGET = 10.11;
				MTL_ENABLE_DEBUG_INFO = NO;
				SDKROOT = macosx;
			};
			name = Release;
		};
		1F6269881C8E987F00E87C30 /* Debug */ = {
			isa = XCBuildConfiguration;
			buildSettings = {
				COMBINE_HIDPI_IMAGES = YES;
				INFOPLIST_FILE = "macdown-frontmatter/Info.plist";
				INSTALL_PATH = "$(USER_LIBRARY_DIR)/Application Support/MacDown/PlugIns";
				PRODUCT_BUNDLE_IDENTIFIER = "net.iblop.macdown-frontmatter";
				PRODUCT_NAME = "$(TARGET_NAME)";
				SKIP_INSTALL = YES;
				WRAPPER_EXTENSION = plugin;
			};
			name = Debug;
		};
		1F6269891C8E987F00E87C30 /* Release */ = {
			isa = XCBuildConfiguration;
			buildSettings = {
				COMBINE_HIDPI_IMAGES = YES;
				INFOPLIST_FILE = "macdown-frontmatter/Info.plist";
				INSTALL_PATH = "$(USER_LIBRARY_DIR)/Application Support/MacDown/PlugIns";
				PRODUCT_BUNDLE_IDENTIFIER = "net.iblop.macdown-frontmatter";
				PRODUCT_NAME = "$(TARGET_NAME)";
				SKIP_INSTALL = YES;
				WRAPPER_EXTENSION = plugin;
			};
			name = Release;
		};
/* End XCBuildConfiguration section */

/* Begin XCConfigurationList section */
		1F62697C1C8E987F00E87C30 /* Build configuration list for PBXProject "macdown-frontmatter" */ = {
			isa = XCConfigurationList;
			buildConfigurations = (
				1F6269851C8E987F00E87C30 /* Debug */,
				1F6269861C8E987F00E87C30 /* Release */,
			);
			defaultConfigurationIsVisible = 0;
			defaultConfigurationName = Release;
		};
		1F6269871C8E987F00E87C30 /* Build configuration list for PBXNativeTarget "macdown-frontmatter" */ = {
			isa = XCConfigurationList;
			buildConfigurations = (
				1F6269881C8E987F00E87C30 /* Debug */,
				1F6269891C8E987F00E87C30 /* Release */,
			);
			defaultConfigurationIsVisible = 0;
			defaultConfigurationName = Release;
		};
/* End XCConfigurationList section */
	};
	rootObject = 1F6269791C8E987F00E87C30 /* Project object */;
}
